
Microsoft Visual Studio Solution File, Format Version 12.00
# Visual Studio Version 16
VisualStudioVersion = 16.0.30114.105
MinimumVisualStudioVersion = 10.0.40219.1
Project("{FAE04EC0-301F-11D3-BF4B-00C04F79EFBC}") = "Sai-Email-Backend-Core", "Sai-Email-Backend-Core\Sai-Email-Backend-Core.csproj", "{4AC7DFFF-C80D-46CF-B637-2C90C9CAFA41}"
EndProject
Global
	GlobalSection(SolutionConfigurationPlatforms) = preSolution
		Debug|Any CPU = Debug|Any CPU
		Release|Any CPU = Release|Any CPU
	EndGlobalSection
	GlobalSection(ProjectConfigurationPlatforms) = postSolution
		{4AC7DFFF-C80D-46CF-B637-2C90C9CAFA41}.Debug|Any CPU.ActiveCfg = Debug|Any CPU
		{4AC7DFFF-C80D-46CF-B637-2C90C9CAFA41}.Debug|Any CPU.Build.0 = Debug|Any CPU
		{4AC7DFFF-C80D-46CF-B637-2C90C9CAFA41}.Release|Any CPU.ActiveCfg = Release|Any CPU
		{4AC7DFFF-C80D-46CF-B637-2C90C9CAFA41}.Release|Any CPU.Build.0 = Release|Any CPU
	EndGlobalSection
	GlobalSection(SolutionProperties) = preSolution
		HideSolutionNode = FALSE
	EndGlobalSection
	GlobalSection(ExtensibilityGlobals) = postSolution
		SolutionGuid = {85BA95AB-E108-4033-BCEE-55BC970034EC}
	EndGlobalSection
EndGlobal
